
Microsoft Visual Studio Solution File, Format Version 12.00
# Visual Studio Version 17
VisualStudioVersion = 17.1.32210.238
MinimumVisualStudioVersion = 10.0.40219.1
Project("{FAE04EC0-301F-11D3-BF4B-00C04F79EFBC}") = "EnesBayramCSharpYoutube", "EnesBayramCSharpYoutube\EnesBayramCSharpYoutube.csproj", "{3B7B7EA1-D4CA-4B6D-A581-46EB90024458}"
EndProject
Project("{FAE04EC0-301F-11D3-BF4B-00C04F79EFBC}") = "GradeResultOfStudents", "GradeResultOfStudents\GradeResultOfStudents.csproj", "{89A75D21-DE7E-45B6-AF64-04E74D3CF5D9}"
EndProject
Project("{FAE04EC0-301F-11D3-BF4B-00C04F79EFBC}") = "MiniATM", "MiniATM\MiniATM.csproj", "{B69B36B5-A694-4310-B3F5-65E84EC45E7A}"
EndProject
Project("{FAE04EC0-301F-11D3-BF4B-00C04F79EFBC}") = "BMI", "BMI\BMI.csproj", "{D6C16857-E34B-4754-88B9-86A77E9B9589}"
EndProject
Project("{FAE04EC0-301F-11D3-BF4B-00C04F79EFBC}") = "MiniAtmWithSwitchCase", "MiniAtmWithSwitchCase\MiniAtmWithSwitchCase.csproj", "{7D32EE0C-7B0C-40C3-A6C5-85C2F6956C48}"
EndProject
Project("{FAE04EC0-301F-11D3-BF4B-00C04F79EFBC}") = "FromOneToTen", "FromOneToTen\FromOneToTen.csproj", "{F7165823-5BFE-4DB1-B565-A76596D7DF11}"
EndProject
Project("{FAE04EC0-301F-11D3-BF4B-00C04F79EFBC}") = "MultiplicationTable", "MultiplicationTable\MultiplicationTable.csproj", "{C0D15795-05BE-482B-B965-43B60DEB38EF}"
EndProject
Project("{FAE04EC0-301F-11D3-BF4B-00C04F79EFBC}") = "LoginProject", "LoginProject\LoginProject.csproj", "{E41CF413-4F89-4DEC-B35B-F3837CDFC830}"
EndProject
Project("{FAE04EC0-301F-11D3-BF4B-00C04F79EFBC}") = "Addition", "Addition\Addition.csproj", "{D9B4B125-1CB2-48F7-8907-ED04017FA95C}"
EndProject
Project("{FAE04EC0-301F-11D3-BF4B-00C04F79EFBC}") = "ArraysExample", "ArraysExample\ArraysExample.csproj", "{366DB24C-1CEA-4D27-B666-D8D7498DE0F5}"
EndProject
Project("{FAE04EC0-301F-11D3-BF4B-00C04F79EFBC}") = "InputForArrays", "InputForArrays\InputForArrays.csproj", "{66A5B778-BB28-479E-B3BD-C703A9B2AE8C}"
EndProject
Project("{FAE04EC0-301F-11D3-BF4B-00C04F79EFBC}") = "ForEach", "ForEach\ForEach.csproj", "{C7D618EF-839A-47F9-822D-7F06189F64B0}"
EndProject
Project("{FAE04EC0-301F-11D3-BF4B-00C04F79EFBC}") = "FindANumberInArray", "FindANumberInArray\FindANumberInArray.csproj", "{CBD9D032-68BC-4673-B9E2-FC6CC763A414}"
EndProject
Project("{FAE04EC0-301F-11D3-BF4B-00C04F79EFBC}") = "ArraysInputFromUser", "ArraysInputFromUser\ArraysInputFromUser.csproj", "{B1EB110E-7409-4418-9775-DAFD955D5015}"
EndProject
Project("{FAE04EC0-301F-11D3-BF4B-00C04F79EFBC}") = "ForeachForArrays", "ForeachForArrays\ForeachForArrays.csproj", "{CE18D8B7-A28F-42E4-BB19-7B8531D299CC}"
EndProject
Project("{FAE04EC0-301F-11D3-BF4B-00C04F79EFBC}") = "Arrays_CheckThisNumberIsIntoTheArray", "Arrays_CheckThisNumberIsIntoTheArray\Arrays_CheckThisNumberIsIntoTheArray.csproj", "{FED917CD-C3AD-4AA0-9D83-1B0D4E12EA87}"
EndProject
Project("{FAE04EC0-301F-11D3-BF4B-00C04F79EFBC}") = "Arrays_FindOddNumbersAndEvenNumber", "Arrays_FindOddNumbersAndEvenNumber\Arrays_FindOddNumbersAndEvenNumber.csproj", "{FF218E2D-BA87-4BAA-8250-F9AD96E6AE95}"
EndProject
Global
	GlobalSection(SolutionConfigurationPlatforms) = preSolution
		Debug|Any CPU = Debug|Any CPU
		Release|Any CPU = Release|Any CPU
	EndGlobalSection
	GlobalSection(ProjectConfigurationPlatforms) = postSolution
		{3B7B7EA1-D4CA-4B6D-A581-46EB90024458}.Debug|Any CPU.ActiveCfg = Debug|Any CPU
		{3B7B7EA1-D4CA-4B6D-A581-46EB90024458}.Debug|Any CPU.Build.0 = Debug|Any CPU
		{3B7B7EA1-D4CA-4B6D-A581-46EB90024458}.Release|Any CPU.ActiveCfg = Release|Any CPU
		{3B7B7EA1-D4CA-4B6D-A581-46EB90024458}.Release|Any CPU.Build.0 = Release|Any CPU
		{89A75D21-DE7E-45B6-AF64-04E74D3CF5D9}.Debug|Any CPU.ActiveCfg = Debug|Any CPU
		{89A75D21-DE7E-45B6-AF64-04E74D3CF5D9}.Debug|Any CPU.Build.0 = Debug|Any CPU
		{89A75D21-DE7E-45B6-AF64-04E74D3CF5D9}.Release|Any CPU.ActiveCfg = Release|Any CPU
		{89A75D21-DE7E-45B6-AF64-04E74D3CF5D9}.Release|Any CPU.Build.0 = Release|Any CPU
		{B69B36B5-A694-4310-B3F5-65E84EC45E7A}.Debug|Any CPU.ActiveCfg = Debug|Any CPU
		{B69B36B5-A694-4310-B3F5-65E84EC45E7A}.Debug|Any CPU.Build.0 = Debug|Any CPU
		{B69B36B5-A694-4310-B3F5-65E84EC45E7A}.Release|Any CPU.ActiveCfg = Release|Any CPU
		{B69B36B5-A694-4310-B3F5-65E84EC45E7A}.Release|Any CPU.Build.0 = Release|Any CPU
		{D6C16857-E34B-4754-88B9-86A77E9B9589}.Debug|Any CPU.ActiveCfg = Debug|Any CPU
		{D6C16857-E34B-4754-88B9-86A77E9B9589}.Debug|Any CPU.Build.0 = Debug|Any CPU
		{D6C16857-E34B-4754-88B9-86A77E9B9589}.Release|Any CPU.ActiveCfg = Release|Any CPU
		{D6C16857-E34B-4754-88B9-86A77E9B9589}.Release|Any CPU.Build.0 = Release|Any CPU
		{7D32EE0C-7B0C-40C3-A6C5-85C2F6956C48}.Debug|Any CPU.ActiveCfg = Debug|Any CPU
		{7D32EE0C-7B0C-40C3-A6C5-85C2F6956C48}.Debug|Any CPU.Build.0 = Debug|Any CPU
		{7D32EE0C-7B0C-40C3-A6C5-85C2F6956C48}.Release|Any CPU.ActiveCfg = Release|Any CPU
		{7D32EE0C-7B0C-40C3-A6C5-85C2F6956C48}.Release|Any CPU.Build.0 = Release|Any CPU
		{F7165823-5BFE-4DB1-B565-A76596D7DF11}.Debug|Any CPU.ActiveCfg = Debug|Any CPU
		{F7165823-5BFE-4DB1-B565-A76596D7DF11}.Debug|Any CPU.Build.0 = Debug|Any CPU
		{F7165823-5BFE-4DB1-B565-A76596D7DF11}.Release|Any CPU.ActiveCfg = Release|Any CPU
		{F7165823-5BFE-4DB1-B565-A76596D7DF11}.Release|Any CPU.Build.0 = Release|Any CPU
		{C0D15795-05BE-482B-B965-43B60DEB38EF}.Debug|Any CPU.ActiveCfg = Debug|Any CPU
		{C0D15795-05BE-482B-B965-43B60DEB38EF}.Debug|Any CPU.Build.0 = Debug|Any CPU
		{C0D15795-05BE-482B-B965-43B60DEB38EF}.Release|Any CPU.ActiveCfg = Release|Any CPU
		{C0D15795-05BE-482B-B965-43B60DEB38EF}.Release|Any CPU.Build.0 = Release|Any CPU
		{E41CF413-4F89-4DEC-B35B-F3837CDFC830}.Debug|Any CPU.ActiveCfg = Debug|Any CPU
		{E41CF413-4F89-4DEC-B35B-F3837CDFC830}.Debug|Any CPU.Build.0 = Debug|Any CPU
		{E41CF413-4F89-4DEC-B35B-F3837CDFC830}.Release|Any CPU.ActiveCfg = Release|Any CPU
		{E41CF413-4F89-4DEC-B35B-F3837CDFC830}.Release|Any CPU.Build.0 = Release|Any CPU
		{D9B4B125-1CB2-48F7-8907-ED04017FA95C}.Debug|Any CPU.ActiveCfg = Debug|Any CPU
		{D9B4B125-1CB2-48F7-8907-ED04017FA95C}.Debug|Any CPU.Build.0 = Debug|Any CPU
		{D9B4B125-1CB2-48F7-8907-ED04017FA95C}.Release|Any CPU.ActiveCfg = Release|Any CPU
		{D9B4B125-1CB2-48F7-8907-ED04017FA95C}.Release|Any CPU.Build.0 = Release|Any CPU
		{366DB24C-1CEA-4D27-B666-D8D7498DE0F5}.Debug|Any CPU.ActiveCfg = Debug|Any CPU
		{366DB24C-1CEA-4D27-B666-D8D7498DE0F5}.Debug|Any CPU.Build.0 = Debug|Any CPU
		{366DB24C-1CEA-4D27-B666-D8D7498DE0F5}.Release|Any CPU.ActiveCfg = Release|Any CPU
		{366DB24C-1CEA-4D27-B666-D8D7498DE0F5}.Release|Any CPU.Build.0 = Release|Any CPU
		{66A5B778-BB28-479E-B3BD-C703A9B2AE8C}.Debug|Any CPU.ActiveCfg = Debug|Any CPU
		{66A5B778-BB28-479E-B3BD-C703A9B2AE8C}.Debug|Any CPU.Build.0 = Debug|Any CPU
		{66A5B778-BB28-479E-B3BD-C703A9B2AE8C}.Release|Any CPU.ActiveCfg = Release|Any CPU
		{66A5B778-BB28-479E-B3BD-C703A9B2AE8C}.Release|Any CPU.Build.0 = Release|Any CPU
		{C7D618EF-839A-47F9-822D-7F06189F64B0}.Debug|Any CPU.ActiveCfg = Debug|Any CPU
		{C7D618EF-839A-47F9-822D-7F06189F64B0}.Debug|Any CPU.Build.0 = Debug|Any CPU
		{C7D618EF-839A-47F9-822D-7F06189F64B0}.Release|Any CPU.ActiveCfg = Release|Any CPU
		{C7D618EF-839A-47F9-822D-7F06189F64B0}.Release|Any CPU.Build.0 = Release|Any CPU
		{CBD9D032-68BC-4673-B9E2-FC6CC763A414}.Debug|Any CPU.ActiveCfg = Debug|Any CPU
		{CBD9D032-68BC-4673-B9E2-FC6CC763A414}.Debug|Any CPU.Build.0 = Debug|Any CPU
		{CBD9D032-68BC-4673-B9E2-FC6CC763A414}.Release|Any CPU.ActiveCfg = Release|Any CPU
		{CBD9D032-68BC-4673-B9E2-FC6CC763A414}.Release|Any CPU.Build.0 = Release|Any CPU
		{B1EB110E-7409-4418-9775-DAFD955D5015}.Debug|Any CPU.ActiveCfg = Debug|Any CPU
		{B1EB110E-7409-4418-9775-DAFD955D5015}.Debug|Any CPU.Build.0 = Debug|Any CPU
		{B1EB110E-7409-4418-9775-DAFD955D5015}.Release|Any CPU.ActiveCfg = Release|Any CPU
		{B1EB110E-7409-4418-9775-DAFD955D5015}.Release|Any CPU.Build.0 = Release|Any CPU
		{CE18D8B7-A28F-42E4-BB19-7B8531D299CC}.Debug|Any CPU.ActiveCfg = Debug|Any CPU
		{CE18D8B7-A28F-42E4-BB19-7B8531D299CC}.Debug|Any CPU.Build.0 = Debug|Any CPU
		{CE18D8B7-A28F-42E4-BB19-7B8531D299CC}.Release|Any CPU.ActiveCfg = Release|Any CPU
		{CE18D8B7-A28F-42E4-BB19-7B8531D299CC}.Release|Any CPU.Build.0 = Release|Any CPU
		{FED917CD-C3AD-4AA0-9D83-1B0D4E12EA87}.Debug|Any CPU.ActiveCfg = Debug|Any CPU
		{FED917CD-C3AD-4AA0-9D83-1B0D4E12EA87}.Debug|Any CPU.Build.0 = Debug|Any CPU
		{FED917CD-C3AD-4AA0-9D83-1B0D4E12EA87}.Release|Any CPU.ActiveCfg = Release|Any CPU
		{FED917CD-C3AD-4AA0-9D83-1B0D4E12EA87}.Release|Any CPU.Build.0 = Release|Any CPU
		{FF218E2D-BA87-4BAA-8250-F9AD96E6AE95}.Debug|Any CPU.ActiveCfg = Debug|Any CPU
		{FF218E2D-BA87-4BAA-8250-F9AD96E6AE95}.Debug|Any CPU.Build.0 = Debug|Any CPU
		{FF218E2D-BA87-4BAA-8250-F9AD96E6AE95}.Release|Any CPU.ActiveCfg = Release|Any CPU
		{FF218E2D-BA87-4BAA-8250-F9AD96E6AE95}.Release|Any CPU.Build.0 = Release|Any CPU
	EndGlobalSection
	GlobalSection(SolutionProperties) = preSolution
		HideSolutionNode = FALSE
	EndGlobalSection
	GlobalSection(ExtensibilityGlobals) = postSolution
		SolutionGuid = {311D87B3-C7A3-4A6A-941A-387EF5501714}
	EndGlobalSection
EndGlobal
