
Microsoft Visual Studio Solution File, Format Version 12.00
# Visual Studio Version 17
VisualStudioVersion = 17.1.32210.238
MinimumVisualStudioVersion = 10.0.40219.1
Project("{FAE04EC0-301F-11D3-BF4B-00C04F79EFBC}") = "EnesBayramCSharpYoutube", "EnesBayramCSharpYoutube\EnesBayramCSharpYoutube.csproj", "{3B7B7EA1-D4CA-4B6D-A581-46EB90024458}"
EndProject
Project("{FAE04EC0-301F-11D3-BF4B-00C04F79EFBC}") = "GradeResultOfStudents", "GradeResultOfStudents\GradeResultOfStudents.csproj", "{89A75D21-DE7E-45B6-AF64-04E74D3CF5D9}"
EndProject
Project("{FAE04EC0-301F-11D3-BF4B-00C04F79EFBC}") = "MiniATM", "MiniATM\MiniATM.csproj", "{B69B36B5-A694-4310-B3F5-65E84EC45E7A}"
EndProject
Project("{FAE04EC0-301F-11D3-BF4B-00C04F79EFBC}") = "BMI", "BMI\BMI.csproj", "{D6C16857-E34B-4754-88B9-86A77E9B9589}"
EndProject
Project("{FAE04EC0-301F-11D3-BF4B-00C04F79EFBC}") = "MiniAtmWithSwitchCase", "MiniAtmWithSwitchCase\MiniAtmWithSwitchCase.csproj", "{7D32EE0C-7B0C-40C3-A6C5-85C2F6956C48}"
EndProject
Global
	GlobalSection(SolutionConfigurationPlatforms) = preSolution
		Debug|Any CPU = Debug|Any CPU
		Release|Any CPU = Release|Any CPU
	EndGlobalSection
	GlobalSection(ProjectConfigurationPlatforms) = postSolution
		{3B7B7EA1-D4CA-4B6D-A581-46EB90024458}.Debug|Any CPU.ActiveCfg = Debug|Any CPU
		{3B7B7EA1-D4CA-4B6D-A581-46EB90024458}.Debug|Any CPU.Build.0 = Debug|Any CPU
		{3B7B7EA1-D4CA-4B6D-A581-46EB90024458}.Release|Any CPU.ActiveCfg = Release|Any CPU
		{3B7B7EA1-D4CA-4B6D-A581-46EB90024458}.Release|Any CPU.Build.0 = Release|Any CPU
		{89A75D21-DE7E-45B6-AF64-04E74D3CF5D9}.Debug|Any CPU.ActiveCfg = Debug|Any CPU
		{89A75D21-DE7E-45B6-AF64-04E74D3CF5D9}.Debug|Any CPU.Build.0 = Debug|Any CPU
		{89A75D21-DE7E-45B6-AF64-04E74D3CF5D9}.Release|Any CPU.ActiveCfg = Release|Any CPU
		{89A75D21-DE7E-45B6-AF64-04E74D3CF5D9}.Release|Any CPU.Build.0 = Release|Any CPU
		{B69B36B5-A694-4310-B3F5-65E84EC45E7A}.Debug|Any CPU.ActiveCfg = Debug|Any CPU
		{B69B36B5-A694-4310-B3F5-65E84EC45E7A}.Debug|Any CPU.Build.0 = Debug|Any CPU
		{B69B36B5-A694-4310-B3F5-65E84EC45E7A}.Release|Any CPU.ActiveCfg = Release|Any CPU
		{B69B36B5-A694-4310-B3F5-65E84EC45E7A}.Release|Any CPU.Build.0 = Release|Any CPU
		{D6C16857-E34B-4754-88B9-86A77E9B9589}.Debug|Any CPU.ActiveCfg = Debug|Any CPU
		{D6C16857-E34B-4754-88B9-86A77E9B9589}.Debug|Any CPU.Build.0 = Debug|Any CPU
		{D6C16857-E34B-4754-88B9-86A77E9B9589}.Release|Any CPU.ActiveCfg = Release|Any CPU
		{D6C16857-E34B-4754-88B9-86A77E9B9589}.Release|Any CPU.Build.0 = Release|Any CPU
		{7D32EE0C-7B0C-40C3-A6C5-85C2F6956C48}.Debug|Any CPU.ActiveCfg = Debug|Any CPU
		{7D32EE0C-7B0C-40C3-A6C5-85C2F6956C48}.Debug|Any CPU.Build.0 = Debug|Any CPU
		{7D32EE0C-7B0C-40C3-A6C5-85C2F6956C48}.Release|Any CPU.ActiveCfg = Release|Any CPU
		{7D32EE0C-7B0C-40C3-A6C5-85C2F6956C48}.Release|Any CPU.Build.0 = Release|Any CPU
	EndGlobalSection
	GlobalSection(SolutionProperties) = preSolution
		HideSolutionNode = FALSE
	EndGlobalSection
	GlobalSection(ExtensibilityGlobals) = postSolution
		SolutionGuid = {311D87B3-C7A3-4A6A-941A-387EF5501714}
	EndGlobalSection
EndGlobal
